<?xml version="1.0" encoding="UTF-8"?>
<Scheme
   LastUpgradeVersion = "0700"
   version = "2.0">
   <BuildAction
      parallelizeBuildables = "YES"
      buildImplicitDependencies = "YES">
      <BuildActionEntries>
         <BuildActionEntry
            buildForTesting = "YES"
            buildForRunning = "YES"
            buildForProfiling = "YES"
            buildForArchiving = "YES"
            buildForAnalyzing = "YES">
            <BuildableReference
               BuildableIdentifier = "primary"
               BlueprintIdentifier = "3A4D781C1BD0D98F0048B995"
               BuildableName = "&#x731c;&#x6570;&#x5b57;&#x6e38;&#x620f;iWatch.app"
               BlueprintName = "&#x731c;&#x6570;&#x5b57;&#x6e38;&#x620f;iWatch"
               ReferencedContainer = "container:&#x731c;&#x6570;&#x5b57;&#x6e38;&#x620f;.xcodeproj">
            </BuildableReference>
         </BuildActionEntry>
         <BuildActionEntry
            buildForTesting = "YES"
            buildForRunning = "YES"
            buildForProfiling = "YES"
            buildForArchiving = "YES"
            buildForAnalyzing = "YES">
            <BuildableReference
               BuildableIdentifier = "primary"
               BlueprintIdentifier = "3A4D78281BD0D98F0048B995"
               BuildableName = "&#x731c;&#x6570;&#x5b57;&#x6e38;&#x620f;iWatch Extension.appex"
               BlueprintName = "&#x731c;&#x6570;&#x5b57;&#x6e38;&#x620f;iWatch Extension"
               ReferencedContainer = "container:&#x731c;&#x6570;&#x5b57;&#x6e38;&#x620f;.xcodeproj">
            </BuildableReference>
         </BuildActionEntry>
         <BuildActionEntry
            buildForTesting = "YES"
            buildForRunning = "YES"
            buildForProfiling = "YES"
            buildForArchiving = "YES"
            buildForAnalyzing = "YES">
            <BuildableReference
               BuildableIdentifier = "primary"
               BlueprintIdentifier = "3A4D78001BD0D9060048B995"
               BuildableName = "&#x731c;&#x6570;&#x5b57;&#x6e38;&#x620f;.app"
               BlueprintName = "&#x731c;&#x6570;&#x5b57;&#x6e38;&#x620f;"
               ReferencedContainer = "container:&#x731c;&#x6570;&#x5b57;&#x6e38;&#x620f;.xcodeproj">
            </BuildableReference>
         </BuildActionEntry>
      </BuildActionEntries>
   </BuildAction>
   <TestAction
      buildConfiguration = "Debug"
      selectedDebuggerIdentifier = "Xcode.DebuggerFoundation.Debugger.LLDB"
      selectedLauncherIdentifier = "Xcode.DebuggerFoundation.Launcher.LLDB"
      shouldUseLaunchSchemeArgsEnv = "YES">
      <Testables>
      </Testables>
      <MacroExpansion>
         <BuildableReference
            BuildableIdentifier = "primary"
            BlueprintIdentifier = "3A4D781C1BD0D98F0048B995"
            BuildableName = "&#x731c;&#x6570;&#x5b57;&#x6e38;&#x620f;iWatch.app"
            BlueprintName = "&#x731c;&#x6570;&#x5b57;&#x6e38;&#x620f;iWatch"
            ReferencedContainer = "container:&#x731c;&#x6570;&#x5b57;&#x6e38;&#x620f;.xcodeproj">
         </BuildableReference>
      </MacroExpansion>
      <AdditionalOptions>
      </AdditionalOptions>
   </TestAction>
   <LaunchAction
      buildConfiguration = "Debug"
      selectedDebuggerIdentifier = "Xcode.DebuggerFoundation.Debugger.LLDB"
      selectedLauncherIdentifier = "Xcode.DebuggerFoundation.Launcher.LLDB"
      launchStyle = "0"
      useCustomWorkingDirectory = "NO"
      ignoresPersistentStateOnLaunch = "NO"
      debugDocumentVersioning = "YES"
      debugServiceExtension = "internal"
      allowLocationSimulation = "YES"
      launchAutomaticallySubstyle = "8"
      notificationPayloadFile = "&#x731c;&#x6570;&#x5b57;&#x6e38;&#x620f;iWatch Extension/PushNotificationPayload.apns">
      <RemoteRunnable
         runnableDebuggingMode = "2"
         BundleIdentifier = "com.apple.carousel"
         RemotePath = "/&#x731c;&#x6570;&#x5b57;&#x6e38;&#x620f;">
         <BuildableReference
            BuildableIdentifier = "primary"
            BlueprintIdentifier = "3A4D781C1BD0D98F0048B995"
            BuildableName = "&#x731c;&#x6570;&#x5b57;&#x6e38;&#x620f;iWatch.app"
            BlueprintName = "&#x731c;&#x6570;&#x5b57;&#x6e38;&#x620f;iWatch"
            ReferencedContainer = "container:&#x731c;&#x6570;&#x5b57;&#x6e38;&#x620f;.xcodeproj">
         </BuildableReference>
      </RemoteRunnable>
      <MacroExpansion>
         <BuildableReference
            BuildableIdentifier = "primary"
            BlueprintIdentifier = "3A4D781C1BD0D98F0048B995"
            BuildableName = "&#x731c;&#x6570;&#x5b57;&#x6e38;&#x620f;iWatch.app"
            BlueprintName = "&#x731c;&#x6570;&#x5b57;&#x6e38;&#x620f;iWatch"
            ReferencedContainer = "container:&#x731c;&#x6570;&#x5b57;&#x6e38;&#x620f;.xcodeproj">
         </BuildableReference>
      </MacroExpansion>
      <AdditionalOptions>
      </AdditionalOptions>
   </LaunchAction>
   <ProfileAction
      buildConfiguration = "Release"
      shouldUseLaunchSchemeArgsEnv = "YES"
      savedToolIdentifier = ""
      useCustomWorkingDirectory = "NO"
      debugDocumentVersioning = "YES"
      launchAutomaticallySubstyle = "8"
      notificationPayloadFile = "&#x731c;&#x6570;&#x5b57;&#x6e38;&#x620f;iWatch Extension/PushNotificationPayload.apns">
      <RemoteRunnable
         runnableDebuggingMode = "2"
         BundleIdentifier = "com.apple.carousel"
         RemotePath = "/&#x731c;&#x6570;&#x5b57;&#x6e38;&#x620f;">
         <BuildableReference
            BuildableIdentifier = "primary"
            BlueprintIdentifier = "3A4D781C1BD0D98F0048B995"
            BuildableName = "&#x731c;&#x6570;&#x5b57;&#x6e38;&#x620f;iWatch.app"
            BlueprintName = "&#x731c;&#x6570;&#x5b57;&#x6e38;&#x620f;iWatch"
            ReferencedContainer = "container:&#x731c;&#x6570;&#x5b57;&#x6e38;&#x620f;.xcodeproj">
         </BuildableReference>
      </RemoteRunnable>
      <MacroExpansion>
         <BuildableReference
            BuildableIdentifier = "primary"
            BlueprintIdentifier = "3A4D781C1BD0D98F0048B995"
            BuildableName = "&#x731c;&#x6570;&#x5b57;&#x6e38;&#x620f;iWatch.app"
            BlueprintName = "&#x731c;&#x6570;&#x5b57;&#x6e38;&#x620f;iWatch"
            ReferencedContainer = "container:&#x731c;&#x6570;&#x5b57;&#x6e38;&#x620f;.xcodeproj">
         </BuildableReference>
      </MacroExpansion>
   </ProfileAction>
   <AnalyzeAction
      buildConfiguration = "Debug">
   </AnalyzeAction>
   <ArchiveAction
      buildConfiguration = "Release"
      revealArchiveInOrganizer = "YES">
   </ArchiveAction>
</Scheme>
